
Microsoft Visual Studio Solution File, Format Version 12.00
# Visual Studio Version 17
VisualStudioVersion = 17.6.33723.286
MinimumVisualStudioVersion = 10.0.40219.1
Project("{FAE04EC0-301F-11D3-BF4B-00C04F79EFBC}") = "home-FLASH", "home-FLASH.csproj", "{72EE115C-4E3C-4C8D-886F-A9F3ACE906D9}"
EndProject
Global
	GlobalSection(SolutionConfigurationPlatforms) = preSolution
		Debug|Any CPU = Debug|Any CPU
		Release|Any CPU = Release|Any CPU
	EndGlobalSection
	GlobalSection(ProjectConfigurationPlatforms) = postSolution
		{72EE115C-4E3C-4C8D-886F-A9F3ACE906D9}.Debug|Any CPU.ActiveCfg = Debug|Any CPU
		{72EE115C-4E3C-4C8D-886F-A9F3ACE906D9}.Debug|Any CPU.Build.0 = Debug|Any CPU
		{72EE115C-4E3C-4C8D-886F-A9F3ACE906D9}.Release|Any CPU.ActiveCfg = Release|Any CPU
		{72EE115C-4E3C-4C8D-886F-A9F3ACE906D9}.Release|Any CPU.Build.0 = Release|Any CPU
	EndGlobalSection
	GlobalSection(SolutionProperties) = preSolution
		HideSolutionNode = FALSE
	EndGlobalSection
	GlobalSection(ExtensibilityGlobals) = postSolution
		SolutionGuid = {05F2A0C3-5599-4506-83F4-81089E9A8980}
	EndGlobalSection
EndGlobal
